{
  "version": 4,
  "terraform_version": "1.2.7",
  "serial": 5,
  "lineage": "1bb4f885-038a-edbe-d752-6763b3b246a1",
  "outputs": {},
  "resources": [
    {
      "mode": "managed",
      "type": "digitalocean_kubernetes_cluster",
      "name": "staging",
      "provider": "provider[\"registry.terraform.io/digitalocean/digitalocean\"]",
      "instances": [
        {
          "schema_version": 3,
          "attributes": {
            "auto_upgrade": true,
            "cluster_subnet": "10.244.0.0/16",
            "created_at": "2022-11-20 02:03:16 +0000 UTC",
            "endpoint": "https://36627d1d-43cc-405b-8a00-fd8b2fd901be.k8s.ondigitalocean.com",
            "ha": false,
            "id": "36627d1d-43cc-405b-8a00-fd8b2fd901be",
            "ipv4_address": "",
            "kube_config": [
              {
                "client_certificate": "",
                "client_key": "",
                "cluster_ca_certificate": "LS0tLS1CRUdJTiBDRVJUSUZJQ0FURS0tLS0tCk1JSURKekNDQWcrZ0F3SUJBZ0lDQm5Vd0RRWUpLb1pJaHZjTkFRRUxCUUF3TXpFVk1CTUdBMVVFQ2hNTVJHbG4KYVhSaGJFOWpaV0Z1TVJvd0dBWURWUVFERXhGck9ITmhZWE1nUTJ4MWMzUmxjaUJEUVRBZUZ3MHlNakV4TWpBdwpNakF6TWpkYUZ3MDBNakV4TWpBd01qQXpNamRhTURNeEZUQVRCZ05WQkFvVERFUnBaMmwwWVd4UFkyVmhiakVhCk1CZ0dBMVVFQXhNUmF6aHpZV0Z6SUVOc2RYTjBaWElnUTBFd2dnRWlNQTBHQ1NxR1NJYjNEUUVCQVFVQUE0SUIKRHdBd2dnRUtBb0lCQVFEU0NhZ1JsWlg3RytFK0xkaDNOZVRKK0cxbHhrN01qd2l6QXhyRVNqOWpDMzZhc0VRSwpqZ2pMZXZEejlad0FGRGp0aWgwK1orWUlUSXdvVklSUVU5WDZRVi9hYnlHMDk3bW9POVdEejZHOWpUenpMZCtxCnJ4REJJbzJOTE52QnA2V3BEaTJQbVhTMDZoYkgxSEFMOVJ5MHZ5OXRIaUpGd0Z0RnN3c2FKdzNRSjNNYWI1NUkKbzZiQzIraDJxdElzRkkwcW9zbjNoejB2elFCcXlUZVFyWDBUTlhJbXBQQlloNnlzZ2hDQ2E5S2ZIS1RGWVdrRQpuUEs2d0ZiVWdoRFE4cnR5dVhvQVpxclZpOFN2RnZENlpqcWYzOTFCQTlCVFQzYktBeTA4NlR4U2p6SDhpMFJZCmRjZ05NNFJWN1NDOW5WT0NvenVPLzk0bk9BM0o0MC94YXI3akFnTUJBQUdqUlRCRE1BNEdBMVVkRHdFQi93UUUKQXdJQmhqQVNCZ05WSFJNQkFmOEVDREFHQVFIL0FnRUFNQjBHQTFVZERnUVdCQlRuZFFpTEROVW5Zd0p1ODk2awpWamlPNXovb0xUQU5CZ2txaGtpRzl3MEJBUXNGQUFPQ0FRRUFVaEoxam9QVUxWakMyU3FMNHNLQ0dpLzFlUlZlCklPTHZsZGdRaWNSUVhqUXYyVWdYNHBNZS9SK2FkclAxQUpFVi9QQ0o0bmw1YUoycWNWSnliamNrQjM0UmlrNVIKTnFhbjJvdUtReFV6ME9nZVpSbFFmRm42THVLdUI4WTluR1g3NklmOEl6VXJXZCt5aHI2Z0F6SDZobDJMVmlXQwo5MUE3NWZCM1BoSitvaklVbzBYSTdIUmgyVkZtQlYyL05DZTJYZlBCMmJXRm50bC84QXFSZWpLNzFIclFFSzAzCktkcG12ckhhWWdaSnd4ZUxrWnVZQVBDNldUaVBOeWJJSk1GMXV5UE9WWWRjMjdQRTR2NFFmbVFYblJXUWxYNVYKdGhlNHNrcktzeWx6QVYvbFplRkMzR1ZPSFRzeWlzVzE5ZEdXMXNTTUZucDJUc0Q4YWVZL3JML3dlUT09Ci0tLS0tRU5EIENFUlRJRklDQVRFLS0tLS0K",
                "expires_at": "2022-11-27T02:08:57Z",
                "host": "https://36627d1d-43cc-405b-8a00-fd8b2fd901be.k8s.ondigitalocean.com",
                "raw_config": "apiVersion: v1\nkind: Config\nclusters:\n- cluster:\n    certificate-authority-data: LS0tLS1CRUdJTiBDRVJUSUZJQ0FURS0tLS0tCk1JSURKekNDQWcrZ0F3SUJBZ0lDQm5Vd0RRWUpLb1pJaHZjTkFRRUxCUUF3TXpFVk1CTUdBMVVFQ2hNTVJHbG4KYVhSaGJFOWpaV0Z1TVJvd0dBWURWUVFERXhGck9ITmhZWE1nUTJ4MWMzUmxjaUJEUVRBZUZ3MHlNakV4TWpBdwpNakF6TWpkYUZ3MDBNakV4TWpBd01qQXpNamRhTURNeEZUQVRCZ05WQkFvVERFUnBaMmwwWVd4UFkyVmhiakVhCk1CZ0dBMVVFQXhNUmF6aHpZV0Z6SUVOc2RYTjBaWElnUTBFd2dnRWlNQTBHQ1NxR1NJYjNEUUVCQVFVQUE0SUIKRHdBd2dnRUtBb0lCQVFEU0NhZ1JsWlg3RytFK0xkaDNOZVRKK0cxbHhrN01qd2l6QXhyRVNqOWpDMzZhc0VRSwpqZ2pMZXZEejlad0FGRGp0aWgwK1orWUlUSXdvVklSUVU5WDZRVi9hYnlHMDk3bW9POVdEejZHOWpUenpMZCtxCnJ4REJJbzJOTE52QnA2V3BEaTJQbVhTMDZoYkgxSEFMOVJ5MHZ5OXRIaUpGd0Z0RnN3c2FKdzNRSjNNYWI1NUkKbzZiQzIraDJxdElzRkkwcW9zbjNoejB2elFCcXlUZVFyWDBUTlhJbXBQQlloNnlzZ2hDQ2E5S2ZIS1RGWVdrRQpuUEs2d0ZiVWdoRFE4cnR5dVhvQVpxclZpOFN2RnZENlpqcWYzOTFCQTlCVFQzYktBeTA4NlR4U2p6SDhpMFJZCmRjZ05NNFJWN1NDOW5WT0NvenVPLzk0bk9BM0o0MC94YXI3akFnTUJBQUdqUlRCRE1BNEdBMVVkRHdFQi93UUUKQXdJQmhqQVNCZ05WSFJNQkFmOEVDREFHQVFIL0FnRUFNQjBHQTFVZERnUVdCQlRuZFFpTEROVW5Zd0p1ODk2awpWamlPNXovb0xUQU5CZ2txaGtpRzl3MEJBUXNGQUFPQ0FRRUFVaEoxam9QVUxWakMyU3FMNHNLQ0dpLzFlUlZlCklPTHZsZGdRaWNSUVhqUXYyVWdYNHBNZS9SK2FkclAxQUpFVi9QQ0o0bmw1YUoycWNWSnliamNrQjM0UmlrNVIKTnFhbjJvdUtReFV6ME9nZVpSbFFmRm42THVLdUI4WTluR1g3NklmOEl6VXJXZCt5aHI2Z0F6SDZobDJMVmlXQwo5MUE3NWZCM1BoSitvaklVbzBYSTdIUmgyVkZtQlYyL05DZTJYZlBCMmJXRm50bC84QXFSZWpLNzFIclFFSzAzCktkcG12ckhhWWdaSnd4ZUxrWnVZQVBDNldUaVBOeWJJSk1GMXV5UE9WWWRjMjdQRTR2NFFmbVFYblJXUWxYNVYKdGhlNHNrcktzeWx6QVYvbFplRkMzR1ZPSFRzeWlzVzE5ZEdXMXNTTUZucDJUc0Q4YWVZL3JML3dlUT09Ci0tLS0tRU5EIENFUlRJRklDQVRFLS0tLS0K\n    server: https://36627d1d-43cc-405b-8a00-fd8b2fd901be.k8s.ondigitalocean.com\n  name: do-nyc1-soal-one-staging\ncontexts:\n- context:\n    cluster: do-nyc1-soal-one-staging\n    user: do-nyc1-soal-one-staging-admin\n  name: do-nyc1-soal-one-staging\ncurrent-context: do-nyc1-soal-one-staging\nusers:\n- name: do-nyc1-soal-one-staging-admin\n  user:\n    token: dop_v1_6870bedb213563ccbf84a0facaba8bdcecff8254b3aca06865f2b5a557648399\n",
                "token": "dop_v1_6870bedb213563ccbf84a0facaba8bdcecff8254b3aca06865f2b5a557648399"
              }
            ],
            "maintenance_policy": [
              {
                "day": "any",
                "duration": "4h0m0s",
                "start_time": "11:00"
              }
            ],
            "name": "soal-one-staging",
            "node_pool": [
              {
                "actual_node_count": 2,
                "auto_scale": true,
                "id": "189f4a32-d3a8-4cc0-808e-eddf9d4c6ef7",
                "labels": null,
                "max_nodes": 4,
                "min_nodes": 2,
                "name": "small",
                "node_count": 2,
                "nodes": [
                  {
                    "created_at": "2022-11-20 02:03:16 +0000 UTC",
                    "droplet_id": "327220745",
                    "id": "3868456a-9601-490f-a47a-d7d1bd6c8f38",
                    "name": "small-mmpvr",
                    "status": "running",
                    "updated_at": "2022-11-20 02:04:46 +0000 UTC"
                  },
                  {
                    "created_at": "2022-11-20 02:03:16 +0000 UTC",
                    "droplet_id": "327220746",
                    "id": "64d46252-e44b-4769-85ed-8abe43467428",
                    "name": "small-mmpvb",
                    "status": "running",
                    "updated_at": "2022-11-20 02:04:46 +0000 UTC"
                  }
                ],
                "size": "s-1vcpu-2gb",
                "tags": null,
                "taint": []
              }
            ],
            "region": "nyc1",
            "service_subnet": "10.245.0.0/16",
            "status": "running",
            "surge_upgrade": true,
            "tags": null,
            "timeouts": null,
            "updated_at": "2022-11-20 02:08:46 +0000 UTC",
            "urn": "do:kubernetes:36627d1d-43cc-405b-8a00-fd8b2fd901be",
            "version": "1.24.4-do.0",
            "vpc_uuid": "59be109e-5e8e-4edf-bebb-fd1864513f34"
          },
          "sensitive_attributes": [],
          "private": "eyJlMmJmYjczMC1lY2FhLTExZTYtOGY4OC0zNDM2M2JjN2M0YzAiOnsiY3JlYXRlIjoxODAwMDAwMDAwMDAwfSwic2NoZW1hX3ZlcnNpb24iOiIzIn0=",
          "dependencies": [
            "digitalocean_vpc.soal_one_staging"
          ]
        }
      ]
    },
    {
      "mode": "managed",
      "type": "digitalocean_project",
      "name": "production",
      "provider": "provider[\"registry.terraform.io/digitalocean/digitalocean\"]",
      "instances": [
        {
          "schema_version": 0,
          "attributes": {
            "created_at": "2022-11-20T02:03:14Z",
            "description": "production environment for soal.one",
            "environment": "Production",
            "id": "d77602e0-3859-4bfe-ab8f-98ce34199b3e",
            "is_default": false,
            "name": "production",
            "owner_id": 12927406,
            "owner_uuid": "f6a7b093-78c3-42bd-80c9-a3de084ec915",
            "purpose": "production",
            "resources": [],
            "updated_at": "2022-11-20T02:03:14Z"
          },
          "sensitive_attributes": [],
          "private": "bnVsbA=="
        }
      ]
    },
    {
      "mode": "managed",
      "type": "digitalocean_project",
      "name": "staging",
      "provider": "provider[\"registry.terraform.io/digitalocean/digitalocean\"]",
      "instances": [
        {
          "schema_version": 0,
          "attributes": {
            "created_at": "2022-11-20T02:03:14Z",
            "description": "Pre-production environment for soal.one",
            "environment": "Staging",
            "id": "5361409e-cbf8-4d10-8c6e-6bfedc867ffa",
            "is_default": false,
            "name": "staging",
            "owner_id": 12927406,
            "owner_uuid": "f6a7b093-78c3-42bd-80c9-a3de084ec915",
            "purpose": "Staging",
            "resources": [],
            "updated_at": "2022-11-20T02:03:14Z"
          },
          "sensitive_attributes": [],
          "private": "bnVsbA=="
        }
      ]
    },
    {
      "mode": "managed",
      "type": "digitalocean_vpc",
      "name": "soal_one_staging",
      "provider": "provider[\"registry.terraform.io/digitalocean/digitalocean\"]",
      "instances": [
        {
          "schema_version": 0,
          "attributes": {
            "created_at": "2022-11-20 02:03:15 +0000 UTC",
            "default": true,
            "description": "",
            "id": "59be109e-5e8e-4edf-bebb-fd1864513f34",
            "ip_range": "10.1.0.0/16",
            "name": "soal-one-staging",
            "region": "nyc1",
            "timeouts": null,
            "urn": "do:vpc:59be109e-5e8e-4edf-bebb-fd1864513f34"
          },
          "sensitive_attributes": [],
          "private": "eyJlMmJmYjczMC1lY2FhLTExZTYtOGY4OC0zNDM2M2JjN2M0YzAiOnsiZGVsZXRlIjoxMjAwMDAwMDAwMDB9fQ=="
        }
      ]
    }
  ]
}
